
Microsoft Visual Studio Solution File, Format Version 12.00
# Visual Studio Version 17
VisualStudioVersion = 17.14.37516.0 d17.14
MinimumVisualStudioVersion = 10.0.40219.1
Project("{FAE04EC0-301F-11D3-BF4B-00C04F79EFBC}") = "QuanLySinhVien", "QuanLySinhVien\QuanLySinhVien.csproj", "{17982FE5-D001-22B7-E0C7-E6D529AB7239}"
EndProject
Global
	GlobalSection(SolutionConfigurationPlatforms) = preSolution
		Debug|Any CPU = Debug|Any CPU
		Release|Any CPU = Release|Any CPU
	EndGlobalSection
	GlobalSection(ProjectConfigurationPlatforms) = postSolution
		{17982FE5-D001-22B7-E0C7-E6D529AB7239}.Debug|Any CPU.ActiveCfg = Debug|Any CPU
		{17982FE5-D001-22B7-E0C7-E6D529AB7239}.Debug|Any CPU.Build.0 = Debug|Any CPU
		{17982FE5-D001-22B7-E0C7-E6D529AB7239}.Release|Any CPU.ActiveCfg = Release|Any CPU
		{17982FE5-D001-22B7-E0C7-E6D529AB7239}.Release|Any CPU.Build.0 = Release|Any CPU
	EndGlobalSection
	GlobalSection(SolutionProperties) = preSolution
		HideSolutionNode = FALSE
	EndGlobalSection
	GlobalSection(ExtensibilityGlobals) = postSolution
		SolutionGuid = {98009048-64E9-4501-BD5C-F79A61AF2091}
	EndGlobalSection
EndGlobal
